
Microsoft Visual Studio Solution File, Format Version 12.00
# Visual Studio Version 17
VisualStudioVersion = 17.8.34330.188
MinimumVisualStudioVersion = 10.0.40219.1
Project("{2150E333-8FDC-42A3-9474-1A3956D46DE8}") = "src", "src", "{40978585-5C30-4E52-A169-C6F804B93C87}"
EndProject
Project("{2150E333-8FDC-42A3-9474-1A3956D46DE8}") = "OrderApi", "OrderApi", "{E4534C4D-CD17-4D0B-AC75-3E17F59CB646}"
EndProject
Project("{2150E333-8FDC-42A3-9474-1A3956D46DE8}") = "Core", "Core", "{52C71CB1-65F8-46E8-BFD4-06775F2C20D0}"
EndProject
Project("{2150E333-8FDC-42A3-9474-1A3956D46DE8}") = "Infrastructure", "Infrastructure", "{1B9309B6-63AF-44FE-9D93-D2AF1EE2A3CC}"
EndProject
Project("{2150E333-8FDC-42A3-9474-1A3956D46DE8}") = "WebApi", "WebApi", "{7BF351B9-4BAA-4C70-887F-4B6D5186808D}"
EndProject
Project("{9A19103F-16F7-4668-BE54-9A1E7A4F7556}") = "Microservice.OrderApi.Application", "src\OrderApi\Core\Microservice.OrderApi.Application\Microservice.OrderApi.Application.csproj", "{9B7B4D06-2B5F-4BC8-81F4-020F519635ED}"
EndProject
Project("{9A19103F-16F7-4668-BE54-9A1E7A4F7556}") = "Microservice.OrderApi.Domain", "src\OrderApi\Core\Microservice.OrderApi.Domain\Microservice.OrderApi.Domain.csproj", "{A50CD111-5C59-4813-B522-F89EEC725B44}"
EndProject
Project("{9A19103F-16F7-4668-BE54-9A1E7A4F7556}") = "Microservice.OrderApi.Infrastructure.Persistence", "src\OrderApi\Infrastructure\Microservice.OrderApi.Infrastructure.Persistence\Microservice.OrderApi.Infrastructure.Persistence.csproj", "{DA26F35B-B752-4B7D-A94D-7BCB79C1678C}"
EndProject
Project("{9A19103F-16F7-4668-BE54-9A1E7A4F7556}") = "Microservice.OrderApi.WebApi", "src\OrderApi\WebApi\Microservice.OrderApi.WebApi\Microservice.OrderApi.WebApi.csproj", "{DCEEA03F-840A-4104-BC76-AD7A6839CC95}"
EndProject
Project("{2150E333-8FDC-42A3-9474-1A3956D46DE8}") = "Common", "Common", "{7FF725A3-788C-4879-9165-EFAA4A471F8B}"
EndProject
Project("{9A19103F-16F7-4668-BE54-9A1E7A4F7556}") = "Microservice.Common", "src\Common\Microservice.Common\Microservice.Common.csproj", "{1A3AD172-DEEA-491B-9292-BB6E6B8CE73B}"
EndProject
Project("{2150E333-8FDC-42A3-9474-1A3956D46DE8}") = "StockApi", "StockApi", "{49C225F2-3294-4FC2-9732-E3C583BD5238}"
EndProject
Project("{2150E333-8FDC-42A3-9474-1A3956D46DE8}") = "Core", "Core", "{9C5673B9-EBCD-44C7-A1A5-55970EBCC942}"
EndProject
Project("{2150E333-8FDC-42A3-9474-1A3956D46DE8}") = "Infrastructure", "Infrastructure", "{16612333-5A37-4C11-8E6C-A0DDB231D8F5}"
EndProject
Project("{2150E333-8FDC-42A3-9474-1A3956D46DE8}") = "WebApi", "WebApi", "{C5241ACE-9147-43AF-AF62-F66F4DC6D670}"
EndProject
Project("{9A19103F-16F7-4668-BE54-9A1E7A4F7556}") = "Microservice.StockApi.Domain", "src\StockApi\Core\Microservice.StockApi.Domain\Microservice.StockApi.Domain.csproj", "{60E0AAE5-6C36-44C0-887D-500C3E923CD9}"
EndProject
Project("{9A19103F-16F7-4668-BE54-9A1E7A4F7556}") = "Microservice.StockApi.WebApi", "src\StockApi\WebApi\Microservice.StockApi.WebApi\Microservice.StockApi.WebApi.csproj", "{C05F15BD-59D8-4083-AC7F-903FF72310C4}"
EndProject
Project("{9A19103F-16F7-4668-BE54-9A1E7A4F7556}") = "Microservice.StockApi.Application", "src\StockApi\Core\Microservice.StockApi.Application\Microservice.StockApi.Application.csproj", "{3B5C0DEB-6B32-46C1-8500-3C54DE0B7D75}"
EndProject
Project("{9A19103F-16F7-4668-BE54-9A1E7A4F7556}") = "Microservice.StockApi.Infrastructure.Persistence", "src\StockApi\Infrastructure\Microservice.StockApi.Infrastructure.Persistence\Microservice.StockApi.Infrastructure.Persistence.csproj", "{C53BAD41-5B77-4050-8A24-961214B1BA33}"
EndProject
Project("{2150E333-8FDC-42A3-9474-1A3956D46DE8}") = "PaymentApi", "PaymentApi", "{AE4B0276-60FA-444B-91C8-4761DAE2C16D}"
EndProject
Project("{2150E333-8FDC-42A3-9474-1A3956D46DE8}") = "Core", "Core", "{34733676-F2E1-41E6-AD19-7EDEBDC2786F}"
EndProject
Project("{2150E333-8FDC-42A3-9474-1A3956D46DE8}") = "Infrastructure", "Infrastructure", "{FB77335B-C5B7-4D94-B753-C5991E21CA8E}"
EndProject
Project("{2150E333-8FDC-42A3-9474-1A3956D46DE8}") = "WebApi", "WebApi", "{20F5CF2D-7A1E-412A-AC8B-C8642F638FAD}"
EndProject
Project("{9A19103F-16F7-4668-BE54-9A1E7A4F7556}") = "Microservice.PaymentApi.Domain", "src\PaymentApi\Core\Microservice.PaymentApi.Domain\Microservice.PaymentApi.Domain.csproj", "{C539B736-73AB-4AC0-A25F-F659A593D8EF}"
EndProject
Project("{9A19103F-16F7-4668-BE54-9A1E7A4F7556}") = "Microservice.PaymentApi.Application", "src\PaymentApi\Core\Microservice.PaymentApi.Application\Microservice.PaymentApi.Application.csproj", "{E0F61C50-F005-417A-BB79-6ED073FD4C6C}"
EndProject
Project("{FAE04EC0-301F-11D3-BF4B-00C04F79EFBC}") = "Microservice.PaymentApi.WebApi", "src\PaymentApi\WebApi\Microservice.PaymentApi.WebApi\Microservice.PaymentApi.WebApi.csproj", "{78EBA5C2-ADD8-4A79-80BA-75DD1FF48127}"
EndProject
Global
	GlobalSection(SolutionConfigurationPlatforms) = preSolution
		Debug|Any CPU = Debug|Any CPU
		Release|Any CPU = Release|Any CPU
	EndGlobalSection
	GlobalSection(ProjectConfigurationPlatforms) = postSolution
		{9B7B4D06-2B5F-4BC8-81F4-020F519635ED}.Debug|Any CPU.ActiveCfg = Debug|Any CPU
		{9B7B4D06-2B5F-4BC8-81F4-020F519635ED}.Debug|Any CPU.Build.0 = Debug|Any CPU
		{9B7B4D06-2B5F-4BC8-81F4-020F519635ED}.Release|Any CPU.ActiveCfg = Release|Any CPU
		{9B7B4D06-2B5F-4BC8-81F4-020F519635ED}.Release|Any CPU.Build.0 = Release|Any CPU
		{A50CD111-5C59-4813-B522-F89EEC725B44}.Debug|Any CPU.ActiveCfg = Debug|Any CPU
		{A50CD111-5C59-4813-B522-F89EEC725B44}.Debug|Any CPU.Build.0 = Debug|Any CPU
		{A50CD111-5C59-4813-B522-F89EEC725B44}.Release|Any CPU.ActiveCfg = Release|Any CPU
		{A50CD111-5C59-4813-B522-F89EEC725B44}.Release|Any CPU.Build.0 = Release|Any CPU
		{DA26F35B-B752-4B7D-A94D-7BCB79C1678C}.Debug|Any CPU.ActiveCfg = Debug|Any CPU
		{DA26F35B-B752-4B7D-A94D-7BCB79C1678C}.Debug|Any CPU.Build.0 = Debug|Any CPU
		{DA26F35B-B752-4B7D-A94D-7BCB79C1678C}.Release|Any CPU.ActiveCfg = Release|Any CPU
		{DA26F35B-B752-4B7D-A94D-7BCB79C1678C}.Release|Any CPU.Build.0 = Release|Any CPU
		{DCEEA03F-840A-4104-BC76-AD7A6839CC95}.Debug|Any CPU.ActiveCfg = Debug|Any CPU
		{DCEEA03F-840A-4104-BC76-AD7A6839CC95}.Debug|Any CPU.Build.0 = Debug|Any CPU
		{DCEEA03F-840A-4104-BC76-AD7A6839CC95}.Release|Any CPU.ActiveCfg = Release|Any CPU
		{DCEEA03F-840A-4104-BC76-AD7A6839CC95}.Release|Any CPU.Build.0 = Release|Any CPU
		{1A3AD172-DEEA-491B-9292-BB6E6B8CE73B}.Debug|Any CPU.ActiveCfg = Debug|Any CPU
		{1A3AD172-DEEA-491B-9292-BB6E6B8CE73B}.Debug|Any CPU.Build.0 = Debug|Any CPU
		{1A3AD172-DEEA-491B-9292-BB6E6B8CE73B}.Release|Any CPU.ActiveCfg = Release|Any CPU
		{1A3AD172-DEEA-491B-9292-BB6E6B8CE73B}.Release|Any CPU.Build.0 = Release|Any CPU
		{60E0AAE5-6C36-44C0-887D-500C3E923CD9}.Debug|Any CPU.ActiveCfg = Debug|Any CPU
		{60E0AAE5-6C36-44C0-887D-500C3E923CD9}.Debug|Any CPU.Build.0 = Debug|Any CPU
		{60E0AAE5-6C36-44C0-887D-500C3E923CD9}.Release|Any CPU.ActiveCfg = Release|Any CPU
		{60E0AAE5-6C36-44C0-887D-500C3E923CD9}.Release|Any CPU.Build.0 = Release|Any CPU
		{C05F15BD-59D8-4083-AC7F-903FF72310C4}.Debug|Any CPU.ActiveCfg = Debug|Any CPU
		{C05F15BD-59D8-4083-AC7F-903FF72310C4}.Debug|Any CPU.Build.0 = Debug|Any CPU
		{C05F15BD-59D8-4083-AC7F-903FF72310C4}.Release|Any CPU.ActiveCfg = Release|Any CPU
		{C05F15BD-59D8-4083-AC7F-903FF72310C4}.Release|Any CPU.Build.0 = Release|Any CPU
		{3B5C0DEB-6B32-46C1-8500-3C54DE0B7D75}.Debug|Any CPU.ActiveCfg = Debug|Any CPU
		{3B5C0DEB-6B32-46C1-8500-3C54DE0B7D75}.Debug|Any CPU.Build.0 = Debug|Any CPU
		{3B5C0DEB-6B32-46C1-8500-3C54DE0B7D75}.Release|Any CPU.ActiveCfg = Release|Any CPU
		{3B5C0DEB-6B32-46C1-8500-3C54DE0B7D75}.Release|Any CPU.Build.0 = Release|Any CPU
		{C53BAD41-5B77-4050-8A24-961214B1BA33}.Debug|Any CPU.ActiveCfg = Debug|Any CPU
		{C53BAD41-5B77-4050-8A24-961214B1BA33}.Debug|Any CPU.Build.0 = Debug|Any CPU
		{C53BAD41-5B77-4050-8A24-961214B1BA33}.Release|Any CPU.ActiveCfg = Release|Any CPU
		{C53BAD41-5B77-4050-8A24-961214B1BA33}.Release|Any CPU.Build.0 = Release|Any CPU
		{C539B736-73AB-4AC0-A25F-F659A593D8EF}.Debug|Any CPU.ActiveCfg = Debug|Any CPU
		{C539B736-73AB-4AC0-A25F-F659A593D8EF}.Debug|Any CPU.Build.0 = Debug|Any CPU
		{C539B736-73AB-4AC0-A25F-F659A593D8EF}.Release|Any CPU.ActiveCfg = Release|Any CPU
		{C539B736-73AB-4AC0-A25F-F659A593D8EF}.Release|Any CPU.Build.0 = Release|Any CPU
		{E0F61C50-F005-417A-BB79-6ED073FD4C6C}.Debug|Any CPU.ActiveCfg = Debug|Any CPU
		{E0F61C50-F005-417A-BB79-6ED073FD4C6C}.Debug|Any CPU.Build.0 = Debug|Any CPU
		{E0F61C50-F005-417A-BB79-6ED073FD4C6C}.Release|Any CPU.ActiveCfg = Release|Any CPU
		{E0F61C50-F005-417A-BB79-6ED073FD4C6C}.Release|Any CPU.Build.0 = Release|Any CPU
		{78EBA5C2-ADD8-4A79-80BA-75DD1FF48127}.Debug|Any CPU.ActiveCfg = Debug|Any CPU
		{78EBA5C2-ADD8-4A79-80BA-75DD1FF48127}.Debug|Any CPU.Build.0 = Debug|Any CPU
		{78EBA5C2-ADD8-4A79-80BA-75DD1FF48127}.Release|Any CPU.ActiveCfg = Release|Any CPU
		{78EBA5C2-ADD8-4A79-80BA-75DD1FF48127}.Release|Any CPU.Build.0 = Release|Any CPU
	EndGlobalSection
	GlobalSection(SolutionProperties) = preSolution
		HideSolutionNode = FALSE
	EndGlobalSection
	GlobalSection(NestedProjects) = preSolution
		{E4534C4D-CD17-4D0B-AC75-3E17F59CB646} = {40978585-5C30-4E52-A169-C6F804B93C87}
		{52C71CB1-65F8-46E8-BFD4-06775F2C20D0} = {E4534C4D-CD17-4D0B-AC75-3E17F59CB646}
		{1B9309B6-63AF-44FE-9D93-D2AF1EE2A3CC} = {E4534C4D-CD17-4D0B-AC75-3E17F59CB646}
		{7BF351B9-4BAA-4C70-887F-4B6D5186808D} = {E4534C4D-CD17-4D0B-AC75-3E17F59CB646}
		{9B7B4D06-2B5F-4BC8-81F4-020F519635ED} = {52C71CB1-65F8-46E8-BFD4-06775F2C20D0}
		{A50CD111-5C59-4813-B522-F89EEC725B44} = {52C71CB1-65F8-46E8-BFD4-06775F2C20D0}
		{DA26F35B-B752-4B7D-A94D-7BCB79C1678C} = {1B9309B6-63AF-44FE-9D93-D2AF1EE2A3CC}
		{DCEEA03F-840A-4104-BC76-AD7A6839CC95} = {7BF351B9-4BAA-4C70-887F-4B6D5186808D}
		{7FF725A3-788C-4879-9165-EFAA4A471F8B} = {40978585-5C30-4E52-A169-C6F804B93C87}
		{1A3AD172-DEEA-491B-9292-BB6E6B8CE73B} = {7FF725A3-788C-4879-9165-EFAA4A471F8B}
		{49C225F2-3294-4FC2-9732-E3C583BD5238} = {40978585-5C30-4E52-A169-C6F804B93C87}
		{9C5673B9-EBCD-44C7-A1A5-55970EBCC942} = {49C225F2-3294-4FC2-9732-E3C583BD5238}
		{16612333-5A37-4C11-8E6C-A0DDB231D8F5} = {49C225F2-3294-4FC2-9732-E3C583BD5238}
		{C5241ACE-9147-43AF-AF62-F66F4DC6D670} = {49C225F2-3294-4FC2-9732-E3C583BD5238}
		{60E0AAE5-6C36-44C0-887D-500C3E923CD9} = {9C5673B9-EBCD-44C7-A1A5-55970EBCC942}
		{C05F15BD-59D8-4083-AC7F-903FF72310C4} = {C5241ACE-9147-43AF-AF62-F66F4DC6D670}
		{3B5C0DEB-6B32-46C1-8500-3C54DE0B7D75} = {9C5673B9-EBCD-44C7-A1A5-55970EBCC942}
		{C53BAD41-5B77-4050-8A24-961214B1BA33} = {16612333-5A37-4C11-8E6C-A0DDB231D8F5}
		{AE4B0276-60FA-444B-91C8-4761DAE2C16D} = {40978585-5C30-4E52-A169-C6F804B93C87}
		{34733676-F2E1-41E6-AD19-7EDEBDC2786F} = {AE4B0276-60FA-444B-91C8-4761DAE2C16D}
		{FB77335B-C5B7-4D94-B753-C5991E21CA8E} = {AE4B0276-60FA-444B-91C8-4761DAE2C16D}
		{20F5CF2D-7A1E-412A-AC8B-C8642F638FAD} = {AE4B0276-60FA-444B-91C8-4761DAE2C16D}
		{C539B736-73AB-4AC0-A25F-F659A593D8EF} = {34733676-F2E1-41E6-AD19-7EDEBDC2786F}
		{E0F61C50-F005-417A-BB79-6ED073FD4C6C} = {34733676-F2E1-41E6-AD19-7EDEBDC2786F}
		{78EBA5C2-ADD8-4A79-80BA-75DD1FF48127} = {20F5CF2D-7A1E-412A-AC8B-C8642F638FAD}
	EndGlobalSection
	GlobalSection(ExtensibilityGlobals) = postSolution
		SolutionGuid = {07B3A0E9-C1F9-467E-81F5-63C96688AAF3}
	EndGlobalSection
EndGlobal
